// !$*UTF8*$!
{
	archiveVersion = 1;
	classes = {
	};
	objectVersion = 50;
	objects = {

/* Begin PBXBuildFile section */
		298078BAD4302DFDF7A53754 /* libPods-SNMediatorUITests.a in Frameworks */ = {isa = PBXBuildFile; fileRef = F6D5FCA07B236A62E280006F /* libPods-SNMediatorUITests.a */; };
		5EB002A3209FB8C2003E8AF8 /* AppDelegate.m in Sources */ = {isa = PBXBuildFile; fileRef = 5EB002A2209FB8C2003E8AF8 /* AppDelegate.m */; };
		5EB002A6209FB8C2003E8AF8 /* ViewController.m in Sources */ = {isa = PBXBuildFile; fileRef = 5EB002A5209FB8C2003E8AF8 /* ViewController.m */; };
		5EB002A9209FB8C2003E8AF8 /* Main.storyboard in Resources */ = {isa = PBXBuildFile; fileRef = 5EB002A7209FB8C2003E8AF8 /* Main.storyboard */; };
		5EB002AB209FB8C3003E8AF8 /* Assets.xcassets in Resources */ = {isa = PBXBuildFile; fileRef = 5EB002AA209FB8C3003E8AF8 /* Assets.xcassets */; };
		5EB002AE209FB8C3003E8AF8 /* LaunchScreen.storyboard in Resources */ = {isa = PBXBuildFile; fileRef = 5EB002AC209FB8C3003E8AF8 /* LaunchScreen.storyboard */; };
		5EB002B1209FB8C3003E8AF8 /* main.m in Sources */ = {isa = PBXBuildFile; fileRef = 5EB002B0209FB8C3003E8AF8 /* main.m */; };
		5EB002BB209FB8C3003E8AF8 /* SNMediatorTests.m in Sources */ = {isa = PBXBuildFile; fileRef = 5EB002BA209FB8C3003E8AF8 /* SNMediatorTests.m */; };
		5EB002C6209FB8C3003E8AF8 /* SNMediatorUITests.m in Sources */ = {isa = PBXBuildFile; fileRef = 5EB002C5209FB8C3003E8AF8 /* SNMediatorUITests.m */; };
		5EB002D9209FBB2D003E8AF8 /* SNMediator.m in Sources */ = {isa = PBXBuildFile; fileRef = 5EB002D7209FBB2D003E8AF8 /* SNMediator.m */; };
		5EB002DC209FF5CD003E8AF8 /* SNMediatorTool.m in Sources */ = {isa = PBXBuildFile; fileRef = 5EB002DB209FF5CD003E8AF8 /* SNMediatorTool.m */; };
		5EB002DF209FFC0B003E8AF8 /* Target_Test.m in Sources */ = {isa = PBXBuildFile; fileRef = 5EB002DE209FFC0B003E8AF8 /* Target_Test.m */; };
		BA037D05CDBB19D155888E5A /* libPods-SNMediatorTests.a in Frameworks */ = {isa = PBXBuildFile; fileRef = FBBE3281534817C5CF1E25CF /* libPods-SNMediatorTests.a */; };
		CD784A8AA9A841DC65A33934 /* libPods-SNMediator.a in Frameworks */ = {isa = PBXBuildFile; fileRef = 90375819A359E062295904ED /* libPods-SNMediator.a */; };
/* End PBXBuildFile section */

/* Begin PBXContainerItemProxy section */
		5EB002B7209FB8C3003E8AF8 /* PBXContainerItemProxy */ = {
			isa = PBXContainerItemProxy;
			containerPortal = 5EB00296209FB8C2003E8AF8 /* Project object */;
			proxyType = 1;
			remoteGlobalIDString = 5EB0029D209FB8C2003E8AF8;
			remoteInfo = SNMediator;
		};
		5EB002C2209FB8C3003E8AF8 /* PBXContainerItemProxy */ = {
			isa = PBXContainerItemProxy;
			containerPortal = 5EB00296209FB8C2003E8AF8 /* Project object */;
			proxyType = 1;
			remoteGlobalIDString = 5EB0029D209FB8C2003E8AF8;
			remoteInfo = SNMediator;
		};
/* End PBXContainerItemProxy section */

/* Begin PBXFileReference section */
		4C57B221FAC642BBFC4D8FE9 /* Pods-SNMediator.debug.xcconfig */ = {isa = PBXFileReference; includeInIndex = 1; lastKnownFileType = text.xcconfig; name = "Pods-SNMediator.debug.xcconfig"; path = "Pods/Target Support Files/Pods-SNMediator/Pods-SNMediator.debug.xcconfig"; sourceTree = "<group>"; };
		5EB0029E209FB8C2003E8AF8 /* SNMediator.app */ = {isa = PBXFileReference; explicitFileType = wrapper.application; includeInIndex = 0; path = SNMediator.app; sourceTree = BUILT_PRODUCTS_DIR; };
		5EB002A1209FB8C2003E8AF8 /* AppDelegate.h */ = {isa = PBXFileReference; lastKnownFileType = sourcecode.c.h; path = AppDelegate.h; sourceTree = "<group>"; };
		5EB002A2209FB8C2003E8AF8 /* AppDelegate.m */ = {isa = PBXFileReference; lastKnownFileType = sourcecode.c.objc; path = AppDelegate.m; sourceTree = "<group>"; };
		5EB002A4209FB8C2003E8AF8 /* ViewController.h */ = {isa = PBXFileReference; lastKnownFileType = sourcecode.c.h; path = ViewController.h; sourceTree = "<group>"; };
		5EB002A5209FB8C2003E8AF8 /* ViewController.m */ = {isa = PBXFileReference; lastKnownFileType = sourcecode.c.objc; path = ViewController.m; sourceTree = "<group>"; };
		5EB002A8209FB8C2003E8AF8 /* Base */ = {isa = PBXFileReference; lastKnownFileType = file.storyboard; name = Base; path = Base.lproj/Main.storyboard; sourceTree = "<group>"; };
		5EB002AA209FB8C3003E8AF8 /* Assets.xcassets */ = {isa = PBXFileReference; lastKnownFileType = folder.assetcatalog; path = Assets.xcassets; sourceTree = "<group>"; };
		5EB002AD209FB8C3003E8AF8 /* Base */ = {isa = PBXFileReference; lastKnownFileType = file.storyboard; name = Base; path = Base.lproj/LaunchScreen.storyboard; sourceTree = "<group>"; };
		5EB002AF209FB8C3003E8AF8 /* Info.plist */ = {isa = PBXFileReference; lastKnownFileType = text.plist.xml; path = Info.plist; sourceTree = "<group>"; };
		5EB002B0209FB8C3003E8AF8 /* main.m */ = {isa = PBXFileReference; lastKnownFileType = sourcecode.c.objc; path = main.m; sourceTree = "<group>"; };
		5EB002B6209FB8C3003E8AF8 /* SNMediatorTests.xctest */ = {isa = PBXFileReference; explicitFileType = wrapper.cfbundle; includeInIndex = 0; path = SNMediatorTests.xctest; sourceTree = BUILT_PRODUCTS_DIR; };
		5EB002BA209FB8C3003E8AF8 /* SNMediatorTests.m */ = {isa = PBXFileReference; lastKnownFileType = sourcecode.c.objc; path = SNMediatorTests.m; sourceTree = "<group>"; };
		5EB002BC209FB8C3003E8AF8 /* Info.plist */ = {isa = PBXFileReference; lastKnownFileType = text.plist.xml; path = Info.plist; sourceTree = "<group>"; };
		5EB002C1209FB8C3003E8AF8 /* SNMediatorUITests.xctest */ = {isa = PBXFileReference; explicitFileType = wrapper.cfbundle; includeInIndex = 0; path = SNMediatorUITests.xctest; sourceTree = BUILT_PRODUCTS_DIR; };
		5EB002C5209FB8C3003E8AF8 /* SNMediatorUITests.m */ = {isa = PBXFileReference; lastKnownFileType = sourcecode.c.objc; path = SNMediatorUITests.m; sourceTree = "<group>"; };
		5EB002C7209FB8C3003E8AF8 /* Info.plist */ = {isa = PBXFileReference; lastKnownFileType = text.plist.xml; path = Info.plist; sourceTree = "<group>"; };
		5EB002D7209FBB2D003E8AF8 /* SNMediator.m */ = {isa = PBXFileReference; fileEncoding = 4; lastKnownFileType = sourcecode.c.objc; path = SNMediator.m; sourceTree = "<group>"; };
		5EB002D8209FBB2D003E8AF8 /* SNMediator.h */ = {isa = PBXFileReference; fileEncoding = 4; lastKnownFileType = sourcecode.c.h; path = SNMediator.h; sourceTree = "<group>"; };
		5EB002DA209FF5CD003E8AF8 /* SNMediatorTool.h */ = {isa = PBXFileReference; lastKnownFileType = sourcecode.c.h; path = SNMediatorTool.h; sourceTree = "<group>"; };
		5EB002DB209FF5CD003E8AF8 /* SNMediatorTool.m */ = {isa = PBXFileReference; lastKnownFileType = sourcecode.c.objc; path = SNMediatorTool.m; sourceTree = "<group>"; };
		5EB002DD209FFC0B003E8AF8 /* Target_Test.h */ = {isa = PBXFileReference; lastKnownFileType = sourcecode.c.h; path = Target_Test.h; sourceTree = "<group>"; };
		5EB002DE209FFC0B003E8AF8 /* Target_Test.m */ = {isa = PBXFileReference; lastKnownFileType = sourcecode.c.objc; path = Target_Test.m; sourceTree = "<group>"; };
		5EB002E0209FFCA1003E8AF8 /* PrefixHeader.pch */ = {isa = PBXFileReference; lastKnownFileType = sourcecode.c.h; path = PrefixHeader.pch; sourceTree = "<group>"; };
		7D21B6CEA45D0C49B15181D4 /* Pods-SNMediator.release.xcconfig */ = {isa = PBXFileReference; includeInIndex = 1; lastKnownFileType = text.xcconfig; name = "Pods-SNMediator.release.xcconfig"; path = "Pods/Target Support Files/Pods-SNMediator/Pods-SNMediator.release.xcconfig"; sourceTree = "<group>"; };
		90375819A359E062295904ED /* libPods-SNMediator.a */ = {isa = PBXFileReference; explicitFileType = archive.ar; includeInIndex = 0; path = "libPods-SNMediator.a"; sourceTree = BUILT_PRODUCTS_DIR; };
		ACD324A916FBB9EF735CB58E /* Pods-SNMediatorUITests.release.xcconfig */ = {isa = PBXFileReference; includeInIndex = 1; lastKnownFileType = text.xcconfig; name = "Pods-SNMediatorUITests.release.xcconfig"; path = "Pods/Target Support Files/Pods-SNMediatorUITests/Pods-SNMediatorUITests.release.xcconfig"; sourceTree = "<group>"; };
		AE2AAB58FE2579E67CDED011 /* Pods-SNMediatorTests.debug.xcconfig */ = {isa = PBXFileReference; includeInIndex = 1; lastKnownFileType = text.xcconfig; name = "Pods-SNMediatorTests.debug.xcconfig"; path = "Pods/Target Support Files/Pods-SNMediatorTests/Pods-SNMediatorTests.debug.xcconfig"; sourceTree = "<group>"; };
		E37AB8715EF466646001DD1B /* Pods-SNMediatorUITests.debug.xcconfig */ = {isa = PBXFileReference; includeInIndex = 1; lastKnownFileType = text.xcconfig; name = "Pods-SNMediatorUITests.debug.xcconfig"; path = "Pods/Target Support Files/Pods-SNMediatorUITests/Pods-SNMediatorUITests.debug.xcconfig"; sourceTree = "<group>"; };
		E64F5CCC067F36E01B190B06 /* Pods-SNMediatorTests.release.xcconfig */ = {isa = PBXFileReference; includeInIndex = 1; lastKnownFileType = text.xcconfig; name = "Pods-SNMediatorTests.release.xcconfig"; path = "Pods/Target Support Files/Pods-SNMediatorTests/Pods-SNMediatorTests.release.xcconfig"; sourceTree = "<group>"; };
		F6D5FCA07B236A62E280006F /* libPods-SNMediatorUITests.a */ = {isa = PBXFileReference; explicitFileType = archive.ar; includeInIndex = 0; path = "libPods-SNMediatorUITests.a"; sourceTree = BUILT_PRODUCTS_DIR; };
		FBBE3281534817C5CF1E25CF /* libPods-SNMediatorTests.a */ = {isa = PBXFileReference; explicitFileType = archive.ar; includeInIndex = 0; path = "libPods-SNMediatorTests.a"; sourceTree = BUILT_PRODUCTS_DIR; };
/* End PBXFileReference section */

/* Begin PBXFrameworksBuildPhase section */
		5EB0029B209FB8C2003E8AF8 /* Frameworks */ = {
			isa = PBXFrameworksBuildPhase;
			buildActionMask = 2147483647;
			files = (
				CD784A8AA9A841DC65A33934 /* libPods-SNMediator.a in Frameworks */,
			);
			runOnlyForDeploymentPostprocessing = 0;
		};
		5EB002B3209FB8C3003E8AF8 /* Frameworks */ = {
			isa = PBXFrameworksBuildPhase;
			buildActionMask = 2147483647;
			files = (
				BA037D05CDBB19D155888E5A /* libPods-SNMediatorTests.a in Frameworks */,
			);
			runOnlyForDeploymentPostprocessing = 0;
		};
		5EB002BE209FB8C3003E8AF8 /* Frameworks */ = {
			isa = PBXFrameworksBuildPhase;
			buildActionMask = 2147483647;
			files = (
				298078BAD4302DFDF7A53754 /* libPods-SNMediatorUITests.a in Frameworks */,
			);
			runOnlyForDeploymentPostprocessing = 0;
		};
/* End PBXFrameworksBuildPhase section */

/* Begin PBXGroup section */
		5EB00295209FB8C2003E8AF8 = {
			isa = PBXGroup;
			children = (
				5EB002A0209FB8C2003E8AF8 /* SNMediator */,
				5EB002B9209FB8C3003E8AF8 /* SNMediatorTests */,
				5EB002C4209FB8C3003E8AF8 /* SNMediatorUITests */,
				5EB0029F209FB8C2003E8AF8 /* Products */,
				ED63D053F69144A7C374368C /* Pods */,
				635E43F9B11FBB88C366156D /* Frameworks */,
			);
			sourceTree = "<group>";
		};
		5EB0029F209FB8C2003E8AF8 /* Products */ = {
			isa = PBXGroup;
			children = (
				5EB0029E209FB8C2003E8AF8 /* SNMediator.app */,
				5EB002B6209FB8C3003E8AF8 /* SNMediatorTests.xctest */,
				5EB002C1209FB8C3003E8AF8 /* SNMediatorUITests.xctest */,
			);
			name = Products;
			sourceTree = "<group>";
		};
		5EB002A0209FB8C2003E8AF8 /* SNMediator */ = {
			isa = PBXGroup;
			children = (
				5EB002A1209FB8C2003E8AF8 /* AppDelegate.h */,
				5EB002A2209FB8C2003E8AF8 /* AppDelegate.m */,
				5EB002A4209FB8C2003E8AF8 /* ViewController.h */,
				5EB002A5209FB8C2003E8AF8 /* ViewController.m */,
				5EB002DD209FFC0B003E8AF8 /* Target_Test.h */,
				5EB002DE209FFC0B003E8AF8 /* Target_Test.m */,
				5EB002D3209FB8E1003E8AF8 /* SNMediator */,
				5EB002A7209FB8C2003E8AF8 /* Main.storyboard */,
				5EB002AA209FB8C3003E8AF8 /* Assets.xcassets */,
				5EB002AC209FB8C3003E8AF8 /* LaunchScreen.storyboard */,
				5EB002AF209FB8C3003E8AF8 /* Info.plist */,
				5EB002B0209FB8C3003E8AF8 /* main.m */,
				5EB002E0209FFCA1003E8AF8 /* PrefixHeader.pch */,
			);
			path = SNMediator;
			sourceTree = "<group>";
		};
		5EB002B9209FB8C3003E8AF8 /* SNMediatorTests */ = {
			isa = PBXGroup;
			children = (
				5EB002BA209FB8C3003E8AF8 /* SNMediatorTests.m */,
				5EB002BC209FB8C3003E8AF8 /* Info.plist */,
			);
			path = SNMediatorTests;
			sourceTree = "<group>";
		};
		5EB002C4209FB8C3003E8AF8 /* SNMediatorUITests */ = {
			isa = PBXGroup;
			children = (
				5EB002C5209FB8C3003E8AF8 /* SNMediatorUITests.m */,
				5EB002C7209FB8C3003E8AF8 /* Info.plist */,
			);
			path = SNMediatorUITests;
			sourceTree = "<group>";
		};
		5EB002D3209FB8E1003E8AF8 /* SNMediator */ = {
			isa = PBXGroup;
			children = (
				5EB002D8209FBB2D003E8AF8 /* SNMediator.h */,
				5EB002D7209FBB2D003E8AF8 /* SNMediator.m */,
				5EB002DA209FF5CD003E8AF8 /* SNMediatorTool.h */,
				5EB002DB209FF5CD003E8AF8 /* SNMediatorTool.m */,
			);
			path = SNMediator;
			sourceTree = "<group>";
		};
		635E43F9B11FBB88C366156D /* Frameworks */ = {
			isa = PBXGroup;
			children = (
				90375819A359E062295904ED /* libPods-SNMediator.a */,
				FBBE3281534817C5CF1E25CF /* libPods-SNMediatorTests.a */,
				F6D5FCA07B236A62E280006F /* libPods-SNMediatorUITests.a */,
			);
			name = Frameworks;
			sourceTree = "<group>";
		};
		ED63D053F69144A7C374368C /* Pods */ = {
			isa = PBXGroup;
			children = (
				4C57B221FAC642BBFC4D8FE9 /* Pods-SNMediator.debug.xcconfig */,
				7D21B6CEA45D0C49B15181D4 /* Pods-SNMediator.release.xcconfig */,
				AE2AAB58FE2579E67CDED011 /* Pods-SNMediatorTests.debug.xcconfig */,
				E64F5CCC067F36E01B190B06 /* Pods-SNMediatorTests.release.xcconfig */,
				E37AB8715EF466646001DD1B /* Pods-SNMediatorUITests.debug.xcconfig */,
				ACD324A916FBB9EF735CB58E /* Pods-SNMediatorUITests.release.xcconfig */,
			);
			name = Pods;
			sourceTree = "<group>";
		};
/* End PBXGroup section */

/* Begin PBXNativeTarget section */
		5EB0029D209FB8C2003E8AF8 /* SNMediator */ = {
			isa = PBXNativeTarget;
			buildConfigurationList = 5EB002CA209FB8C3003E8AF8 /* Build configuration list for PBXNativeTarget "SNMediator" */;
			buildPhases = (
				C588784A1880A5204526F531 /* [CP] Check Pods Manifest.lock */,
				5EB0029A209FB8C2003E8AF8 /* Sources */,
				5EB0029B209FB8C2003E8AF8 /* Frameworks */,
				5EB0029C209FB8C2003E8AF8 /* Resources */,
			);
			buildRules = (
			);
			dependencies = (
			);
			name = SNMediator;
			productName = SNMediator;
			productReference = 5EB0029E209FB8C2003E8AF8 /* SNMediator.app */;
			productType = "com.apple.product-type.application";
		};
		5EB002B5209FB8C3003E8AF8 /* SNMediatorTests */ = {
			isa = PBXNativeTarget;
			buildConfigurationList = 5EB002CD209FB8C3003E8AF8 /* Build configuration list for PBXNativeTarget "SNMediatorTests" */;
			buildPhases = (
				4EE7D4A639ADFA3A4B95C325 /* [CP] Check Pods Manifest.lock */,
				5EB002B2209FB8C3003E8AF8 /* Sources */,
				5EB002B3209FB8C3003E8AF8 /* Frameworks */,
				5EB002B4209FB8C3003E8AF8 /* Resources */,
			);
			buildRules = (
			);
			dependencies = (
				5EB002B8209FB8C3003E8AF8 /* PBXTargetDependency */,
			);
			name = SNMediatorTests;
			productName = SNMediatorTests;
			productReference = 5EB002B6209FB8C3003E8AF8 /* SNMediatorTests.xctest */;
			productType = "com.apple.product-type.bundle.unit-test";
		};
		5EB002C0209FB8C3003E8AF8 /* SNMediatorUITests */ = {
			isa = PBXNativeTarget;
			buildConfigurationList = 5EB002D0209FB8C3003E8AF8 /* Build configuration list for PBXNativeTarget "SNMediatorUITests" */;
			buildPhases = (
				96AA95EF387AA695F9C8C175 /* [CP] Check Pods Manifest.lock */,
				5EB002BD209FB8C3003E8AF8 /* Sources */,
				5EB002BE209FB8C3003E8AF8 /* Frameworks */,
				5EB002BF209FB8C3003E8AF8 /* Resources */,
			);
			buildRules = (
			);
			dependencies = (
				5EB002C3209FB8C3003E8AF8 /* PBXTargetDependency */,
			);
			name = SNMediatorUITests;
			productName = SNMediatorUITests;
			productReference = 5EB002C1209FB8C3003E8AF8 /* SNMediatorUITests.xctest */;
			productType = "com.apple.product-type.bundle.ui-testing";
		};
/* End PBXNativeTarget section */

/* Begin PBXProject section */
		5EB00296209FB8C2003E8AF8 /* Project object */ = {
			isa = PBXProject;
			attributes = {
				LastUpgradeCheck = 0930;
				ORGANIZATIONNAME = snloveydus;
				TargetAttributes = {
					5EB0029D209FB8C2003E8AF8 = {
						CreatedOnToolsVersion = 9.3;
					};
					5EB002B5209FB8C3003E8AF8 = {
						CreatedOnToolsVersion = 9.3;
						TestTargetID = 5EB0029D209FB8C2003E8AF8;
					};
					5EB002C0209FB8C3003E8AF8 = {
						CreatedOnToolsVersion = 9.3;
						TestTargetID = 5EB0029D209FB8C2003E8AF8;
					};
				};
			};
			buildConfigurationList = 5EB00299209FB8C2003E8AF8 /* Build configuration list for PBXProject "SNMediator" */;
			compatibilityVersion = "Xcode 9.3";
			developmentRegion = en;
			hasScannedForEncodings = 0;
			knownRegions = (
				en,
				Base,
			);
			mainGroup = 5EB00295209FB8C2003E8AF8;
			productRefGroup = 5EB0029F209FB8C2003E8AF8 /* Products */;
			projectDirPath = "";
			projectRoot = "";
			targets = (
				5EB0029D209FB8C2003E8AF8 /* SNMediator */,
				5EB002B5209FB8C3003E8AF8 /* SNMediatorTests */,
				5EB002C0209FB8C3003E8AF8 /* SNMediatorUITests */,
			);
		};
/* End PBXProject section */

/* Begin PBXResourcesBuildPhase section */
		5EB0029C209FB8C2003E8AF8 /* Resources */ = {
			isa = PBXResourcesBuildPhase;
			buildActionMask = 2147483647;
			files = (
				5EB002AE209FB8C3003E8AF8 /* LaunchScreen.storyboard in Resources */,
				5EB002AB209FB8C3003E8AF8 /* Assets.xcassets in Resources */,
				5EB002A9209FB8C2003E8AF8 /* Main.storyboard in Resources */,
			);
			runOnlyForDeploymentPostprocessing = 0;
		};
		5EB002B4209FB8C3003E8AF8 /* Resources */ = {
			isa = PBXResourcesBuildPhase;
			buildActionMask = 2147483647;
			files = (
			);
			runOnlyForDeploymentPostprocessing = 0;
		};
		5EB002BF209FB8C3003E8AF8 /* Resources */ = {
			isa = PBXResourcesBuildPhase;
			buildActionMask = 2147483647;
			files = (
			);
			runOnlyForDeploymentPostprocessing = 0;
		};
/* End PBXResourcesBuildPhase section */

/* Begin PBXShellScriptBuildPhase section */
		4EE7D4A639ADFA3A4B95C325 /* [CP] Check Pods Manifest.lock */ = {
			isa = PBXShellScriptBuildPhase;
			buildActionMask = 2147483647;
			files = (
			);
			inputPaths = (
				"${PODS_PODFILE_DIR_PATH}/Podfile.lock",
				"${PODS_ROOT}/Manifest.lock",
			);
			name = "[CP] Check Pods Manifest.lock";
			outputPaths = (
				"$(DERIVED_FILE_DIR)/Pods-SNMediatorTests-checkManifestLockResult.txt",
			);
			runOnlyForDeploymentPostprocessing = 0;
			shellPath = /bin/sh;
			shellScript = "diff \"${PODS_PODFILE_DIR_PATH}/Podfile.lock\" \"${PODS_ROOT}/Manifest.lock\" > /dev/null\nif [ $? != 0 ] ; then\n    # print error to STDERR\n    echo \"error: The sandbox is not in sync with the Podfile.lock. Run 'pod install' or update your CocoaPods installation.\" >&2\n    exit 1\nfi\n# This output is used by Xcode 'outputs' to avoid re-running this script phase.\necho \"SUCCESS\" > \"${SCRIPT_OUTPUT_FILE_0}\"\n";
			showEnvVarsInLog = 0;
		};
		96AA95EF387AA695F9C8C175 /* [CP] Check Pods Manifest.lock */ = {
			isa = PBXShellScriptBuildPhase;
			buildActionMask = 2147483647;
			files = (
			);
			inputPaths = (
				"${PODS_PODFILE_DIR_PATH}/Podfile.lock",
				"${PODS_ROOT}/Manifest.lock",
			);
			name = "[CP] Check Pods Manifest.lock";
			outputPaths = (
				"$(DERIVED_FILE_DIR)/Pods-SNMediatorUITests-checkManifestLockResult.txt",
			);
			runOnlyForDeploymentPostprocessing = 0;
			shellPath = /bin/sh;
			shellScript = "diff \"${PODS_PODFILE_DIR_PATH}/Podfile.lock\" \"${PODS_ROOT}/Manifest.lock\" > /dev/null\nif [ $? != 0 ] ; then\n    # print error to STDERR\n    echo \"error: The sandbox is not in sync with the Podfile.lock. Run 'pod install' or update your CocoaPods installation.\" >&2\n    exit 1\nfi\n# This output is used by Xcode 'outputs' to avoid re-running this script phase.\necho \"SUCCESS\" > \"${SCRIPT_OUTPUT_FILE_0}\"\n";
			showEnvVarsInLog = 0;
		};
		C588784A1880A5204526F531 /* [CP] Check Pods Manifest.lock */ = {
			isa = PBXShellScriptBuildPhase;
			buildActionMask = 2147483647;
			files = (
			);
			inputPaths = (
				"${PODS_PODFILE_DIR_PATH}/Podfile.lock",
				"${PODS_ROOT}/Manifest.lock",
			);
			name = "[CP] Check Pods Manifest.lock";
			outputPaths = (
				"$(DERIVED_FILE_DIR)/Pods-SNMediator-checkManifestLockResult.txt",
			);
			runOnlyForDeploymentPostprocessing = 0;
			shellPath = /bin/sh;
			shellScript = "diff \"${PODS_PODFILE_DIR_PATH}/Podfile.lock\" \"${PODS_ROOT}/Manifest.lock\" > /dev/null\nif [ $? != 0 ] ; then\n    # print error to STDERR\n    echo \"error: The sandbox is not in sync with the Podfile.lock. Run 'pod install' or update your CocoaPods installation.\" >&2\n    exit 1\nfi\n# This output is used by Xcode 'outputs' to avoid re-running this script phase.\necho \"SUCCESS\" > \"${SCRIPT_OUTPUT_FILE_0}\"\n";
			showEnvVarsInLog = 0;
		};
/* End PBXShellScriptBuildPhase section */

/* Begin PBXSourcesBuildPhase section */
		5EB0029A209FB8C2003E8AF8 /* Sources */ = {
			isa = PBXSourcesBuildPhase;
			buildActionMask = 2147483647;
			files = (
				5EB002A6209FB8C2003E8AF8 /* ViewController.m in Sources */,
				5EB002DC209FF5CD003E8AF8 /* SNMediatorTool.m in Sources */,
				5EB002D9209FBB2D003E8AF8 /* SNMediator.m in Sources */,
				5EB002B1209FB8C3003E8AF8 /* main.m in Sources */,
				5EB002DF209FFC0B003E8AF8 /* Target_Test.m in Sources */,
				5EB002A3209FB8C2003E8AF8 /* AppDelegate.m in Sources */,
			);
			runOnlyForDeploymentPostprocessing = 0;
		};
		5EB002B2209FB8C3003E8AF8 /* Sources */ = {
			isa = PBXSourcesBuildPhase;
			buildActionMask = 2147483647;
			files = (
				5EB002BB209FB8C3003E8AF8 /* SNMediatorTests.m in Sources */,
			);
			runOnlyForDeploymentPostprocessing = 0;
		};
		5EB002BD209FB8C3003E8AF8 /* Sources */ = {
			isa = PBXSourcesBuildPhase;
			buildActionMask = 2147483647;
			files = (
				5EB002C6209FB8C3003E8AF8 /* SNMediatorUITests.m in Sources */,
			);
			runOnlyForDeploymentPostprocessing = 0;
		};
/* End PBXSourcesBuildPhase section */

/* Begin PBXTargetDependency section */
		5EB002B8209FB8C3003E8AF8 /* PBXTargetDependency */ = {
			isa = PBXTargetDependency;
			target = 5EB0029D209FB8C2003E8AF8 /* SNMediator */;
			targetProxy = 5EB002B7209FB8C3003E8AF8 /* PBXContainerItemProxy */;
		};
		5EB002C3209FB8C3003E8AF8 /* PBXTargetDependency */ = {
			isa = PBXTargetDependency;
			target = 5EB0029D209FB8C2003E8AF8 /* SNMediator */;
			targetProxy = 5EB002C2209FB8C3003E8AF8 /* PBXContainerItemProxy */;
		};
/* End PBXTargetDependency section */

/* Begin PBXVariantGroup section */
		5EB002A7209FB8C2003E8AF8 /* Main.storyboard */ = {
			isa = PBXVariantGroup;
			children = (
				5EB002A8209FB8C2003E8AF8 /* Base */,
			);
			name = Main.storyboard;
			sourceTree = "<group>";
		};
		5EB002AC209FB8C3003E8AF8 /* LaunchScreen.storyboard */ = {
			isa = PBXVariantGroup;
			children = (
				5EB002AD209FB8C3003E8AF8 /* Base */,
			);
			name = LaunchScreen.storyboard;
			sourceTree = "<group>";
		};
/* End PBXVariantGroup section */

/* Begin XCBuildConfiguration section */
		5EB002C8209FB8C3003E8AF8 /* Debug */ = {
			isa = XCBuildConfiguration;
			buildSettings = {
				ALWAYS_SEARCH_USER_PATHS = NO;
				CLANG_ANALYZER_NONNULL = YES;
				CLANG_ANALYZER_NUMBER_OBJECT_CONVERSION = YES_AGGRESSIVE;
				CLANG_CXX_LANGUAGE_STANDARD = "gnu++14";
				CLANG_CXX_LIBRARY = "libc++";
				CLANG_ENABLE_MODULES = YES;
				CLANG_ENABLE_OBJC_ARC = YES;
				CLANG_ENABLE_OBJC_WEAK = YES;
				CLANG_WARN_BLOCK_CAPTURE_AUTORELEASING = YES;
				CLANG_WARN_BOOL_CONVERSION = YES;
				CLANG_WARN_COMMA = YES;
				CLANG_WARN_CONSTANT_CONVERSION = YES;
				CLANG_WARN_DEPRECATED_OBJC_IMPLEMENTATIONS = YES;
				CLANG_WARN_DIRECT_OBJC_ISA_USAGE = YES_ERROR;
				CLANG_WARN_DOCUMENTATION_COMMENTS = YES;
				CLANG_WARN_EMPTY_BODY = YES;
				CLANG_WARN_ENUM_CONVERSION = YES;
				CLANG_WARN_INFINITE_RECURSION = YES;
				CLANG_WARN_INT_CONVERSION = YES;
				CLANG_WARN_NON_LITERAL_NULL_CONVERSION = YES;
				CLANG_WARN_OBJC_IMPLICIT_RETAIN_SELF = YES;
				CLANG_WARN_OBJC_LITERAL_CONVERSION = YES;
				CLANG_WARN_OBJC_ROOT_CLASS = YES_ERROR;
				CLANG_WARN_RANGE_LOOP_ANALYSIS = YES;
				CLANG_WARN_STRICT_PROTOTYPES = YES;
				CLANG_WARN_SUSPICIOUS_MOVE = YES;
				CLANG_WARN_UNGUARDED_AVAILABILITY = YES_AGGRESSIVE;
				CLANG_WARN_UNREACHABLE_CODE = YES;
				CLANG_WARN__DUPLICATE_METHOD_MATCH = YES;
				CODE_SIGN_IDENTITY = "iPhone Developer";
				COPY_PHASE_STRIP = NO;
				DEBUG_INFORMATION_FORMAT = dwarf;
				ENABLE_STRICT_OBJC_MSGSEND = YES;
				ENABLE_TESTABILITY = YES;
				GCC_C_LANGUAGE_STANDARD = gnu11;
				GCC_DYNAMIC_NO_PIC = NO;
				GCC_NO_COMMON_BLOCKS = YES;
				GCC_OPTIMIZATION_LEVEL = 0;
				GCC_PREPROCESSOR_DEFINITIONS = (
					"DEBUG=1",
					"$(inherited)",
				);
				GCC_WARN_64_TO_32_BIT_CONVERSION = YES;
				GCC_WARN_ABOUT_RETURN_TYPE = YES_ERROR;
				GCC_WARN_UNDECLARED_SELECTOR = YES;
				GCC_WARN_UNINITIALIZED_AUTOS = YES_AGGRESSIVE;
				GCC_WARN_UNUSED_FUNCTION = YES;
				GCC_WARN_UNUSED_VARIABLE = YES;
				IPHONEOS_DEPLOYMENT_TARGET = 8.0;
				MTL_ENABLE_DEBUG_INFO = YES;
				ONLY_ACTIVE_ARCH = YES;
				SDKROOT = iphoneos;
			};
			name = Debug;
		};
		5EB002C9209FB8C3003E8AF8 /* Release */ = {
			isa = XCBuildConfiguration;
			buildSettings = {
				ALWAYS_SEARCH_USER_PATHS = NO;
				CLANG_ANALYZER_NONNULL = YES;
				CLANG_ANALYZER_NUMBER_OBJECT_CONVERSION = YES_AGGRESSIVE;
				CLANG_CXX_LANGUAGE_STANDARD = "gnu++14";
				CLANG_CXX_LIBRARY = "libc++";
				CLANG_ENABLE_MODULES = YES;
				CLANG_ENABLE_OBJC_ARC = YES;
				CLANG_ENABLE_OBJC_WEAK = YES;
				CLANG_WARN_BLOCK_CAPTURE_AUTORELEASING = YES;
				CLANG_WARN_BOOL_CONVERSION = YES;
				CLANG_WARN_COMMA = YES;
				CLANG_WARN_CONSTANT_CONVERSION = YES;
				CLANG_WARN_DEPRECATED_OBJC_IMPLEMENTATIONS = YES;
				CLANG_WARN_DIRECT_OBJC_ISA_USAGE = YES_ERROR;
				CLANG_WARN_DOCUMENTATION_COMMENTS = YES;
				CLANG_WARN_EMPTY_BODY = YES;
				CLANG_WARN_ENUM_CONVERSION = YES;
				CLANG_WARN_INFINITE_RECURSION = YES;
				CLANG_WARN_INT_CONVERSION = YES;
				CLANG_WARN_NON_LITERAL_NULL_CONVERSION = YES;
				CLANG_WARN_OBJC_IMPLICIT_RETAIN_SELF = YES;
				CLANG_WARN_OBJC_LITERAL_CONVERSION = YES;
				CLANG_WARN_OBJC_ROOT_CLASS = YES_ERROR;
				CLANG_WARN_RANGE_LOOP_ANALYSIS = YES;
				CLANG_WARN_STRICT_PROTOTYPES = YES;
				CLANG_WARN_SUSPICIOUS_MOVE = YES;
				CLANG_WARN_UNGUARDED_AVAILABILITY = YES_AGGRESSIVE;
				CLANG_WARN_UNREACHABLE_CODE = YES;
				CLANG_WARN__DUPLICATE_METHOD_MATCH = YES;
				CODE_SIGN_IDENTITY = "iPhone Developer";
				COPY_PHASE_STRIP = NO;
				DEBUG_INFORMATION_FORMAT = "dwarf-with-dsym";
				ENABLE_NS_ASSERTIONS = NO;
				ENABLE_STRICT_OBJC_MSGSEND = YES;
				GCC_C_LANGUAGE_STANDARD = gnu11;
				GCC_NO_COMMON_BLOCKS = YES;
				GCC_WARN_64_TO_32_BIT_CONVERSION = YES;
				GCC_WARN_ABOUT_RETURN_TYPE = YES_ERROR;
				GCC_WARN_UNDECLARED_SELECTOR = YES;
				GCC_WARN_UNINITIALIZED_AUTOS = YES_AGGRESSIVE;
				GCC_WARN_UNUSED_FUNCTION = YES;
				GCC_WARN_UNUSED_VARIABLE = YES;
				IPHONEOS_DEPLOYMENT_TARGET = 8.0;
				MTL_ENABLE_DEBUG_INFO = NO;
				SDKROOT = iphoneos;
				VALIDATE_PRODUCT = YES;
			};
			name = Release;
		};
		5EB002CB209FB8C3003E8AF8 /* Debug */ = {
			isa = XCBuildConfiguration;
			baseConfigurationReference = 4C57B221FAC642BBFC4D8FE9 /* Pods-SNMediator.debug.xcconfig */;
			buildSettings = {
				ASSETCATALOG_COMPILER_APPICON_NAME = AppIcon;
				CODE_SIGN_STYLE = Automatic;
				GCC_PREFIX_HEADER = "$(SRCROOT)/SNMediator/PrefixHeader.pch";
				INFOPLIST_FILE = SNMediator/Info.plist;
				IPHONEOS_DEPLOYMENT_TARGET = 8.0;
				LD_RUNPATH_SEARCH_PATHS = (
					"$(inherited)",
					"@executable_path/Frameworks",
				);
				OTHER_LDFLAGS = (
					"$(inherited)",
					"-ObjC",
					"-l\"ReactiveObjC\"",
					"-framework",
					"\"Foundation\"",
					"-w",
				);
				PRODUCT_BUNDLE_IDENTIFIER = snlo.SNMediator;
				PRODUCT_NAME = "$(TARGET_NAME)";
				TARGETED_DEVICE_FAMILY = "1,2";
			};
			name = Debug;
		};
		5EB002CC209FB8C3003E8AF8 /* Release */ = {
			isa = XCBuildConfiguration;
			baseConfigurationReference = 7D21B6CEA45D0C49B15181D4 /* Pods-SNMediator.release.xcconfig */;
			buildSettings = {
				ASSETCATALOG_COMPILER_APPICON_NAME = AppIcon;
				CODE_SIGN_STYLE = Automatic;
				GCC_PREFIX_HEADER = "$(SRCROOT)/SNMediator/PrefixHeader.pch";
				INFOPLIST_FILE = SNMediator/Info.plist;
				IPHONEOS_DEPLOYMENT_TARGET = 8.0;
				LD_RUNPATH_SEARCH_PATHS = (
					"$(inherited)",
					"@executable_path/Frameworks",
				);
				OTHER_LDFLAGS = (
					"$(inherited)",
					"-ObjC",
					"-l\"ReactiveObjC\"",
					"-framework",
					"\"Foundation\"",
					"-w",
				);
				PRODUCT_BUNDLE_IDENTIFIER = snlo.SNMediator;
				PRODUCT_NAME = "$(TARGET_NAME)";
				TARGETED_DEVICE_FAMILY = "1,2";
			};
			name = Release;
		};
		5EB002CE209FB8C3003E8AF8 /* Debug */ = {
			isa = XCBuildConfiguration;
			baseConfigurationReference = AE2AAB58FE2579E67CDED011 /* Pods-SNMediatorTests.debug.xcconfig */;
			buildSettings = {
				BUNDLE_LOADER = "$(TEST_HOST)";
				CODE_SIGN_STYLE = Automatic;
				INFOPLIST_FILE = SNMediatorTests/Info.plist;
				LD_RUNPATH_SEARCH_PATHS = (
					"$(inherited)",
					"@executable_path/Frameworks",
					"@loader_path/Frameworks",
				);
				PRODUCT_BUNDLE_IDENTIFIER = snlo.SNMediatorTests;
				PRODUCT_NAME = "$(TARGET_NAME)";
				TARGETED_DEVICE_FAMILY = "1,2";
				TEST_HOST = "$(BUILT_PRODUCTS_DIR)/SNMediator.app/SNMediator";
			};
			name = Debug;
		};
		5EB002CF209FB8C3003E8AF8 /* Release */ = {
			isa = XCBuildConfiguration;
			baseConfigurationReference = E64F5CCC067F36E01B190B06 /* Pods-SNMediatorTests.release.xcconfig */;
			buildSettings = {
				BUNDLE_LOADER = "$(TEST_HOST)";
				CODE_SIGN_STYLE = Automatic;
				INFOPLIST_FILE = SNMediatorTests/Info.plist;
				LD_RUNPATH_SEARCH_PATHS = (
					"$(inherited)",
					"@executable_path/Frameworks",
					"@loader_path/Frameworks",
				);
				PRODUCT_BUNDLE_IDENTIFIER = snlo.SNMediatorTests;
				PRODUCT_NAME = "$(TARGET_NAME)";
				TARGETED_DEVICE_FAMILY = "1,2";
				TEST_HOST = "$(BUILT_PRODUCTS_DIR)/SNMediator.app/SNMediator";
			};
			name = Release;
		};
		5EB002D1209FB8C3003E8AF8 /* Debug */ = {
			isa = XCBuildConfiguration;
			baseConfigurationReference = E37AB8715EF466646001DD1B /* Pods-SNMediatorUITests.debug.xcconfig */;
			buildSettings = {
				CODE_SIGN_STYLE = Automatic;
				INFOPLIST_FILE = SNMediatorUITests/Info.plist;
				LD_RUNPATH_SEARCH_PATHS = (
					"$(inherited)",
					"@executable_path/Frameworks",
					"@loader_path/Frameworks",
				);
				PRODUCT_BUNDLE_IDENTIFIER = snlo.SNMediatorUITests;
				PRODUCT_NAME = "$(TARGET_NAME)";
				TARGETED_DEVICE_FAMILY = "1,2";
				TEST_TARGET_NAME = SNMediator;
			};
			name = Debug;
		};
		5EB002D2209FB8C3003E8AF8 /* Release */ = {
			isa = XCBuildConfiguration;
			baseConfigurationReference = ACD324A916FBB9EF735CB58E /* Pods-SNMediatorUITests.release.xcconfig */;
			buildSettings = {
				CODE_SIGN_STYLE = Automatic;
				INFOPLIST_FILE = SNMediatorUITests/Info.plist;
				LD_RUNPATH_SEARCH_PATHS = (
					"$(inherited)",
					"@executable_path/Frameworks",
					"@loader_path/Frameworks",
				);
				PRODUCT_BUNDLE_IDENTIFIER = snlo.SNMediatorUITests;
				PRODUCT_NAME = "$(TARGET_NAME)";
				TARGETED_DEVICE_FAMILY = "1,2";
				TEST_TARGET_NAME = SNMediator;
			};
			name = Release;
		};
/* End XCBuildConfiguration section */

/* Begin XCConfigurationList section */
		5EB00299209FB8C2003E8AF8 /* Build configuration list for PBXProject "SNMediator" */ = {
			isa = XCConfigurationList;
			buildConfigurations = (
				5EB002C8209FB8C3003E8AF8 /* Debug */,
				5EB002C9209FB8C3003E8AF8 /* Release */,
			);
			defaultConfigurationIsVisible = 0;
			defaultConfigurationName = Release;
		};
		5EB002CA209FB8C3003E8AF8 /* Build configuration list for PBXNativeTarget "SNMediator" */ = {
			isa = XCConfigurationList;
			buildConfigurations = (
				5EB002CB209FB8C3003E8AF8 /* Debug */,
				5EB002CC209FB8C3003E8AF8 /* Release */,
			);
			defaultConfigurationIsVisible = 0;
			defaultConfigurationName = Release;
		};
		5EB002CD209FB8C3003E8AF8 /* Build configuration list for PBXNativeTarget "SNMediatorTests" */ = {
			isa = XCConfigurationList;
			buildConfigurations = (
				5EB002CE209FB8C3003E8AF8 /* Debug */,
				5EB002CF209FB8C3003E8AF8 /* Release */,
			);
			defaultConfigurationIsVisible = 0;
			defaultConfigurationName = Release;
		};
		5EB002D0209FB8C3003E8AF8 /* Build configuration list for PBXNativeTarget "SNMediatorUITests" */ = {
			isa = XCConfigurationList;
			buildConfigurations = (
				5EB002D1209FB8C3003E8AF8 /* Debug */,
				5EB002D2209FB8C3003E8AF8 /* Release */,
			);
			defaultConfigurationIsVisible = 0;
			defaultConfigurationName = Release;
		};
/* End XCConfigurationList section */
	};
	rootObject = 5EB00296209FB8C2003E8AF8 /* Project object */;
}
